
Microsoft Visual Studio Solution File, Format Version 12.00
# Visual Studio Version 17
VisualStudioVersion = 17.8.34330.188
MinimumVisualStudioVersion = 10.0.40219.1
Project("{FAE04EC0-301F-11D3-BF4B-00C04F79EFBC}") = "Mercadona", "Mercadona\Mercadona.csproj", "{184566DF-273B-4227-963A-DDA9C5749F87}"
EndProject
Project("{9A19103F-16F7-4668-BE54-9A1E7A4F7556}") = "MyFirstPlugin", "MyFirstPlugin\MyFirstPlugin.csproj", "{DBF8CB0A-6032-4047-8C4F-0AE7252CCBBE}"
EndProject
Global
	GlobalSection(SolutionConfigurationPlatforms) = preSolution
		Debug|Any CPU = Debug|Any CPU
		Release|Any CPU = Release|Any CPU
	EndGlobalSection
	GlobalSection(ProjectConfigurationPlatforms) = postSolution
		{184566DF-273B-4227-963A-DDA9C5749F87}.Debug|Any CPU.ActiveCfg = Debug|Any CPU
		{184566DF-273B-4227-963A-DDA9C5749F87}.Debug|Any CPU.Build.0 = Debug|Any CPU
		{184566DF-273B-4227-963A-DDA9C5749F87}.Release|Any CPU.ActiveCfg = Release|Any CPU
		{184566DF-273B-4227-963A-DDA9C5749F87}.Release|Any CPU.Build.0 = Release|Any CPU
		{DBF8CB0A-6032-4047-8C4F-0AE7252CCBBE}.Debug|Any CPU.ActiveCfg = Debug|Any CPU
		{DBF8CB0A-6032-4047-8C4F-0AE7252CCBBE}.Debug|Any CPU.Build.0 = Debug|Any CPU
		{DBF8CB0A-6032-4047-8C4F-0AE7252CCBBE}.Release|Any CPU.ActiveCfg = Release|Any CPU
		{DBF8CB0A-6032-4047-8C4F-0AE7252CCBBE}.Release|Any CPU.Build.0 = Release|Any CPU
	EndGlobalSection
	GlobalSection(SolutionProperties) = preSolution
		HideSolutionNode = FALSE
	EndGlobalSection
	GlobalSection(ExtensibilityGlobals) = postSolution
		SolutionGuid = {64D44A40-D043-47F5-B22D-DB2CE7334ADD}
	EndGlobalSection
EndGlobal
